{
  "nodes": {
    "flake-utils": {
      "locked": {
        "lastModified": 1652776076,
        "narHash": "sha256-gzTw/v1vj4dOVbpBSJX4J0DwUR6LIyXo7/SuuTJp1kM=",
        "owner": "numtide",
        "repo": "flake-utils",
        "rev": "04c1b180862888302ddfb2e3ad9eaa63afc60cf8",
        "type": "github"
      },
      "original": {
        "owner": "numtide",
        "ref": "v1.0.0",
        "repo": "flake-utils",
        "type": "github"
      }
    },
    "nixos": {
      "locked": {
        "lastModified": 1684858140,
        "narHash": "sha256-dQStox5GYrVlVNMvxxXs3xX9bXG7J7ttSjqUcVm8EaA=",
        "owner": "NixOS",
        "repo": "nixpkgs",
        "rev": "a17f99dfcb9643200b3884ca195c69ae41d7f059",
        "type": "github"
      },
      "original": {
        "owner": "NixOS",
        "ref": "nixos-22.11",
        "repo": "nixpkgs",
        "type": "github"
      }
    },
    "poetry2nix": {
      "inputs": {
        "flake-utils": [
          "flake-utils"
        ],
        "nixpkgs": [
          "nixos"
        ]
      },
      "locked": {
        "lastModified": 1651700095,
        "narHash": "sha256-xeo702X83g7s2J22AAvtN/FkB1M0TUbZ+SGuMMNzk8s=",
        "owner": "nix-community",
        "repo": "poetry2nix",
        "rev": "b00b6b6ef8471e912f2f09e826ca9acc127cee4f",
        "type": "github"
      },
      "original": {
        "owner": "nix-community",
        "ref": "v1.28.0",
        "repo": "poetry2nix",
        "type": "github"
      }
    },
    "pythoneda": {
      "inputs": {
        "flake-utils": [
          "flake-utils"
        ],
        "nixos": [
          "nixos"
        ],
        "poetry2nix": [
          "flake-utils"
        ]
      },
      "locked": {
        "lastModified": 1685370987,
        "narHash": "sha256-N8VF0yTdVimxLgIR9y8j1XleuIJxtBNflIPGBc6AyDw=",
        "owner": "rydnr",
        "repo": "pythoneda",
        "rev": "c82d4288068473673e7cb85a4ae19cb40b3d9758",
        "type": "github"
      },
      "original": {
        "owner": "rydnr",
        "ref": "0.0.1a5",
        "repo": "pythoneda",
        "type": "github"
      }
    },
    "pythoneda-git-repositories": {
      "inputs": {
        "flake-utils": [
          "flake-utils"
        ],
        "nixos": [
          "nixos"
        ],
        "poetry2nix": [
          "flake-utils"
        ],
        "pythoneda": [
          "pythoneda"
        ]
      },
      "locked": {
        "lastModified": 1685389975,
        "narHash": "sha256-m4XtFsIQD6WQVgcbozgowFbL+p4w6fVA0jMO+4Gx6eI=",
        "owner": "rydnr",
        "repo": "pythoneda-git-repositories",
        "rev": "ec6dcafe4a712acfc615ea6e31d9add95abf4f40",
        "type": "github"
      },
      "original": {
        "owner": "rydnr",
        "ref": "0.0.1a3",
        "repo": "pythoneda-git-repositories",
        "type": "github"
      }
    },
    "pythoneda-nix-shared": {
      "inputs": {
        "flake-utils": [
          "flake-utils"
        ],
        "nixos": [
          "nixos"
        ],
        "poetry2nix": [
          "flake-utils"
        ],
        "pythoneda": [
          "pythoneda"
        ]
      },
      "locked": {
        "lastModified": 1685433315,
        "narHash": "sha256-hfGmmjjZrj9L28N3DpYpfsAU8U/nOA4I4cxxFTZ+AGY=",
        "owner": "rydnr",
        "repo": "pythoneda-nix-shared",
        "rev": "0c9e9c19017783d54a75c5648d290f5fa3fb44bf",
        "type": "github"
      },
      "original": {
        "owner": "rydnr",
        "ref": "0.0.1a3",
        "repo": "pythoneda-nix-shared",
        "type": "github"
      }
    },
    "root": {
      "inputs": {
        "flake-utils": "flake-utils",
        "nixos": "nixos",
        "poetry2nix": "poetry2nix",
        "pythoneda": "pythoneda",
        "pythoneda-git-repositories": "pythoneda-git-repositories",
        "pythoneda-nix-shared": "pythoneda-nix-shared"
      }
    }
  },
  "root": "root",
  "version": 7
}
